<Solution>
  <Folder Name="/Task 0/">
    <Project Path="Tyuiu.MishaginaKS.Sprint1.Task0.V5.Lib/Tyuiu.MishaginaKS.Sprint1.Task0.V5.Lib.csproj" />
    <Project Path="Tyuiu.MishaginaKS.Sprint1.Task0.V5/Tyuiu.MishaginaKS.Sprint1.Task0.V5.csproj" />
  </Folder>
  <Project Path="Tyuiu.MishaginaKS.Sprint1.Task0.V5.Test/Tyuiu.MishaginaKS.Sprint1.Task0.V5.Test.csproj" />
</Solution>
